
Microsoft Visual Studio Solution File, Format Version 12.00
# Visual Studio Express 2012 for Windows Desktop
Project("{F184B08F-C81C-45F6-A57F-5ABD9991F28F}") = "Assignment1_Question1", "Assignment1_Question1\Assignment1_Question1.vbproj", "{9148A581-6DD8-4AF8-B1A3-78DC13B58285}"
EndProject
Global
	GlobalSection(SolutionConfigurationPlatforms) = preSolution
		Debug|Any CPU = Debug|Any CPU
		Release|Any CPU = Release|Any CPU
	EndGlobalSection
	GlobalSection(ProjectConfigurationPlatforms) = postSolution
		{9148A581-6DD8-4AF8-B1A3-78DC13B58285}.Debug|Any CPU.ActiveCfg = Debug|Any CPU
		{9148A581-6DD8-4AF8-B1A3-78DC13B58285}.Debug|Any CPU.Build.0 = Debug|Any CPU
		{9148A581-6DD8-4AF8-B1A3-78DC13B58285}.Release|Any CPU.ActiveCfg = Release|Any CPU
		{9148A581-6DD8-4AF8-B1A3-78DC13B58285}.Release|Any CPU.Build.0 = Release|Any CPU
	EndGlobalSection
	GlobalSection(SolutionProperties) = preSolution
		HideSolutionNode = FALSE
	EndGlobalSection
EndGlobal
