
Microsoft Visual Studio Solution File, Format Version 12.00
# Visual Studio Express 2012 for Windows Desktop
Project("{F184B08F-C81C-45F6-A57F-5ABD9991F28F}") = "Lab5_Question2", "Lab5_Question2\Lab5_Question2.vbproj", "{FC601F22-EB0C-433D-9EA0-2DB2ACCBDEAE}"
EndProject
Global
	GlobalSection(SolutionConfigurationPlatforms) = preSolution
		Debug|Any CPU = Debug|Any CPU
		Release|Any CPU = Release|Any CPU
	EndGlobalSection
	GlobalSection(ProjectConfigurationPlatforms) = postSolution
		{FC601F22-EB0C-433D-9EA0-2DB2ACCBDEAE}.Debug|Any CPU.ActiveCfg = Debug|Any CPU
		{FC601F22-EB0C-433D-9EA0-2DB2ACCBDEAE}.Debug|Any CPU.Build.0 = Debug|Any CPU
		{FC601F22-EB0C-433D-9EA0-2DB2ACCBDEAE}.Release|Any CPU.ActiveCfg = Release|Any CPU
		{FC601F22-EB0C-433D-9EA0-2DB2ACCBDEAE}.Release|Any CPU.Build.0 = Release|Any CPU
	EndGlobalSection
	GlobalSection(SolutionProperties) = preSolution
		HideSolutionNode = FALSE
	EndGlobalSection
EndGlobal
